
Microsoft Visual Studio Solution File, Format Version 12.00
# Visual Studio Version 17
VisualStudioVersion = 17.9.34622.214
MinimumVisualStudioVersion = 10.0.40219.1
Project("{FAE04EC0-301F-11D3-BF4B-00C04F79EFBC}") = "QRReader", "QRReader.csproj", "{48A178B7-4CCE-420B-9449-577C7DC3F2B0}"
EndProject
Global
	GlobalSection(SolutionConfigurationPlatforms) = preSolution
		Debug|Any CPU = Debug|Any CPU
		Release|Any CPU = Release|Any CPU
	EndGlobalSection
	GlobalSection(ProjectConfigurationPlatforms) = postSolution
		{48A178B7-4CCE-420B-9449-577C7DC3F2B0}.Debug|Any CPU.ActiveCfg = Debug|Any CPU
		{48A178B7-4CCE-420B-9449-577C7DC3F2B0}.Debug|Any CPU.Build.0 = Debug|Any CPU
		{48A178B7-4CCE-420B-9449-577C7DC3F2B0}.Release|Any CPU.ActiveCfg = Release|Any CPU
		{48A178B7-4CCE-420B-9449-577C7DC3F2B0}.Release|Any CPU.Build.0 = Release|Any CPU
	EndGlobalSection
	GlobalSection(SolutionProperties) = preSolution
		HideSolutionNode = FALSE
	EndGlobalSection
	GlobalSection(ExtensibilityGlobals) = postSolution
		SolutionGuid = {AA53F4CB-9539-4669-B106-A951280E35A4}
	EndGlobalSection
EndGlobal
